{
  "requires": true,
  "lockfileVersion": 1,
  "dependencies": {
    "autoprefixer": {
      "version": "10.2.5",
      "resolved": "https://registry.npmjs.org/autoprefixer/-/autoprefixer-10.2.5.tgz",
      "integrity": "sha512-7H4AJZXvSsn62SqZyJCP+1AWwOuoYpUfK6ot9vm0e87XD6mT8lDywc9D9OTJPMULyGcvmIxzTAMeG2Cc+YX+fA==",
      "dev": true,
      "requires": {
        "browserslist": "^4.16.3",
        "caniuse-lite": "^1.0.30001196",
        "colorette": "^1.2.2",
        "fraction.js": "^4.0.13",
        "normalize-range": "^0.1.2",
        "postcss-value-parser": "^4.1.0"
      }
    },
    "browserslist": {
      "version": "4.16.3",
      "resolved": "https://registry.npmjs.org/browserslist/-/browserslist-4.16.3.tgz",
      "integrity": "sha512-vIyhWmIkULaq04Gt93txdh+j02yX/JzlyhLYbV3YQCn/zvES3JnY7TifHHvvr1w5hTDluNKMkV05cs4vy8Q7sw==",
      "dev": true,
      "requires": {
        "caniuse-lite": "^1.0.30001181",
        "colorette": "^1.2.1",
        "electron-to-chromium": "^1.3.649",
        "escalade": "^3.1.1",
        "node-releases": "^1.1.70"
      }
    },
    "caniuse-lite": {
      "version": "1.0.30001203",
      "resolved": "https://registry.npmjs.org/caniuse-lite/-/caniuse-lite-1.0.30001203.tgz",
      "integrity": "sha512-/I9tvnzU/PHMH7wBPrfDMSuecDeUKerjCPX7D0xBbaJZPxoT9m+yYxt0zCTkcijCkjTdim3H56Zm0i5Adxch4w==",
      "dev": true
    },
    "colorette": {
      "version": "1.2.2",
      "resolved": "https://registry.npmjs.org/colorette/-/colorette-1.2.2.tgz",
      "integrity": "sha512-MKGMzyfeuutC/ZJ1cba9NqcNpfeqMUcYmyF1ZFY6/Cn7CNSAKx6a+s48sqLqyAiZuaP2TcqMhoo+dlwFnVxT9w==",
      "dev": true
    },
    "electron-to-chromium": {
      "version": "1.3.692",
      "resolved": "https://registry.npmjs.org/electron-to-chromium/-/electron-to-chromium-1.3.692.tgz",
      "integrity": "sha512-Ix+zDUAXWZuUzqKdhkgN5dP7ZM+IwMG4yAGFGDLpGJP/3vNEEwuHG1LIhtXUfW0FFV0j38t5PUv2n/3MFSRviQ==",
      "dev": true
    },
    "escalade": {
      "version": "3.1.1",
      "resolved": "https://registry.npmjs.org/escalade/-/escalade-3.1.1.tgz",
      "integrity": "sha512-k0er2gUkLf8O0zKJiAhmkTnJlTvINGv7ygDNPbeIsX/TJjGJZHuh9B2UxbsaEkmlEo9MfhrSzmhIlhRlI2GXnw==",
      "dev": true
    },
    "fraction.js": {
      "version": "4.0.13",
      "resolved": "https://registry.npmjs.org/fraction.js/-/fraction.js-4.0.13.tgz",
      "integrity": "sha512-E1fz2Xs9ltlUp+qbiyx9wmt2n9dRzPsS11Jtdb8D2o+cC7wr9xkkKsVKJuBX0ST+LVS+LhLO+SbLJNtfWcJvXA==",
      "dev": true
    },
    "node-releases": {
      "version": "1.1.71",
      "resolved": "https://registry.npmjs.org/node-releases/-/node-releases-1.1.71.tgz",
      "integrity": "sha512-zR6HoT6LrLCRBwukmrVbHv0EpEQjksO6GmFcZQQuCAy139BEsoVKPYnf3jongYW83fAa1torLGYwxxky/p28sg==",
      "dev": true
    },
    "normalize-range": {
      "version": "0.1.2",
      "resolved": "https://registry.npmjs.org/normalize-range/-/normalize-range-0.1.2.tgz",
      "integrity": "sha1-LRDAa9/TEuqXd2laTShDlFa3WUI=",
      "dev": true
    },
    "postcss-value-parser": {
      "version": "4.1.0",
      "resolved": "https://registry.npmjs.org/postcss-value-parser/-/postcss-value-parser-4.1.0.tgz",
      "integrity": "sha512-97DXOFbQJhk71ne5/Mt6cOu6yxsSfM0QGQyl0L25Gca4yGWEGJaig7l7gbCX623VqTBNGLRLaVUCnNkcedlRSQ==",
      "dev": true
    }
  }
}
